Microsoft Visual Studio Solution File, Format Version 12.00
# Visual Studio 15
VisualStudioVersion = 15.0.28307.421
MinimumVisualStudioVersion = 10.0.40219.1
Project("{FAE04EC0-301F-11D3-BF4B-00C04F79EFBC}") = "IEW.Launcher", "IEW.Launcher\IEW.Launcher.csproj", "{770AE743-6AAC-4257-BDB9-481F2ED959AF}"
	ProjectSection(ProjectDependencies) = postProject
		{9E3F032A-1AAB-4A6E-951C-C12B7E9B5EBB} = {9E3F032A-1AAB-4A6E-951C-C12B7E9B5EBB}
		{7DB2045C-A48C-4EB5-A813-B1B683EACFD7} = {7DB2045C-A48C-4EB5-A813-B1B683EACFD7}
		{680B208C-1BE9-4550-B63D-F27896903B3C} = {680B208C-1BE9-4550-B63D-F27896903B3C}
	EndProjectSection
EndProject
Project("{FAE04EC0-301F-11D3-BF4B-00C04F79EFBC}") = "IEW.GatewayService", "IEW.GatewayService\IEW.GatewayService.csproj", "{9E3F032A-1AAB-4A6E-951C-C12B7E9B5EBB}"
EndProject
Project("{FAE04EC0-301F-11D3-BF4B-00C04F79EFBC}") = "IEW.ObjectManager", "IEW.ObjectManager\IEW.ObjectManager.csproj", "{7DB2045C-A48C-4EB5-A813-B1B683EACFD7}"
EndProject
Project("{FAE04EC0-301F-11D3-BF4B-00C04F79EFBC}") = "IEW.EDCService", "IEW.EDCService\IEW.EDCService.csproj", "{680B208C-1BE9-4550-B63D-F27896903B3C}"
	ProjectSection(ProjectDependencies) = postProject
		{7DB2045C-A48C-4EB5-A813-B1B683EACFD7} = {7DB2045C-A48C-4EB5-A813-B1B683EACFD7}
	EndProjectSection
EndProject
Global
	GlobalSection(SolutionConfigurationPlatforms) = preSolution
		Debug|Any CPU = Debug|Any CPU
		Debug|x64 = Debug|x64
		Debug|x86 = Debug|x86
		Release|Any CPU = Release|Any CPU
		Release|x64 = Release|x64
		Release|x86 = Release|x86
	EndGlobalSection
	GlobalSection(ProjectConfigurationPlatforms) = postSolution
		{770AE743-6AAC-4257-BDB9-481F2ED959AF}.Debug|Any CPU.ActiveCfg = Debug|x86
		{770AE743-6AAC-4257-BDB9-481F2ED959AF}.Debug|Any CPU.Build.0 = Debug|x86
		{770AE743-6AAC-4257-BDB9-481F2ED959AF}.Debug|x64.ActiveCfg = Debug|x86
		{770AE743-6AAC-4257-BDB9-481F2ED959AF}.Debug|x64.Build.0 = Debug|x86
		{770AE743-6AAC-4257-BDB9-481F2ED959AF}.Debug|x86.ActiveCfg = Debug|x86
		{770AE743-6AAC-4257-BDB9-481F2ED959AF}.Debug|x86.Build.0 = Debug|x86
		{770AE743-6AAC-4257-BDB9-481F2ED959AF}.Release|Any CPU.ActiveCfg = Release|x86
		{770AE743-6AAC-4257-BDB9-481F2ED959AF}.Release|x64.ActiveCfg = Release|x86
		{770AE743-6AAC-4257-BDB9-481F2ED959AF}.Release|x86.ActiveCfg = Release|x86
		{770AE743-6AAC-4257-BDB9-481F2ED959AF}.Release|x86.Build.0 = Release|x86
		{9E3F032A-1AAB-4A6E-951C-C12B7E9B5EBB}.Debug|Any CPU.ActiveCfg = Debug|Any CPU
		{9E3F032A-1AAB-4A6E-951C-C12B7E9B5EBB}.Debug|Any CPU.Build.0 = Debug|Any CPU
		{9E3F032A-1AAB-4A6E-951C-C12B7E9B5EBB}.Debug|x64.ActiveCfg = Debug|Any CPU
		{9E3F032A-1AAB-4A6E-951C-C12B7E9B5EBB}.Debug|x64.Build.0 = Debug|Any CPU
		{9E3F032A-1AAB-4A6E-951C-C12B7E9B5EBB}.Debug|x86.ActiveCfg = Debug|Any CPU
		{9E3F032A-1AAB-4A6E-951C-C12B7E9B5EBB}.Debug|x86.Build.0 = Debug|Any CPU
		{9E3F032A-1AAB-4A6E-951C-C12B7E9B5EBB}.Release|Any CPU.ActiveCfg = Release|Any CPU
		{9E3F032A-1AAB-4A6E-951C-C12B7E9B5EBB}.Release|Any CPU.Build.0 = Release|Any CPU
		{9E3F032A-1AAB-4A6E-951C-C12B7E9B5EBB}.Release|x64.ActiveCfg = Release|Any CPU
		{9E3F032A-1AAB-4A6E-951C-C12B7E9B5EBB}.Release|x64.Build.0 = Release|Any CPU
		{9E3F032A-1AAB-4A6E-951C-C12B7E9B5EBB}.Release|x86.ActiveCfg = Release|Any CPU
		{9E3F032A-1AAB-4A6E-951C-C12B7E9B5EBB}.Release|x86.Build.0 = Release|Any CPU
		{7DB2045C-A48C-4EB5-A813-B1B683EACFD7}.Debug|Any CPU.ActiveCfg = Debug|Any CPU
		{7DB2045C-A48C-4EB5-A813-B1B683EACFD7}.Debug|Any CPU.Build.0 = Debug|Any CPU
		{7DB2045C-A48C-4EB5-A813-B1B683EACFD7}.Debug|x64.ActiveCfg = Debug|Any CPU
		{7DB2045C-A48C-4EB5-A813-B1B683EACFD7}.Debug|x64.Build.0 = Debug|Any CPU
		{7DB2045C-A48C-4EB5-A813-B1B683EACFD7}.Debug|x86.ActiveCfg = Debug|Any CPU
		{7DB2045C-A48C-4EB5-A813-B1B683EACFD7}.Debug|x86.Build.0 = Debug|Any CPU
		{7DB2045C-A48C-4EB5-A813-B1B683EACFD7}.Release|Any CPU.ActiveCfg = Release|Any CPU
		{7DB2045C-A48C-4EB5-A813-B1B683EACFD7}.Release|Any CPU.Build.0 = Release|Any CPU
		{7DB2045C-A48C-4EB5-A813-B1B683EACFD7}.Release|x64.ActiveCfg = Release|Any CPU
		{7DB2045C-A48C-4EB5-A813-B1B683EACFD7}.Release|x64.Build.0 = Release|Any CPU
		{7DB2045C-A48C-4EB5-A813-B1B683EACFD7}.Release|x86.ActiveCfg = Release|Any CPU
		{7DB2045C-A48C-4EB5-A813-B1B683EACFD7}.Release|x86.Build.0 = Release|Any CPU
		{680B208C-1BE9-4550-B63D-F27896903B3C}.Debug|Any CPU.ActiveCfg = Debug|Any CPU
		{680B208C-1BE9-4550-B63D-F27896903B3C}.Debug|Any CPU.Build.0 = Debug|Any CPU
		{680B208C-1BE9-4550-B63D-F27896903B3C}.Debug|x64.ActiveCfg = Debug|Any CPU
		{680B208C-1BE9-4550-B63D-F27896903B3C}.Debug|x64.Build.0 = Debug|Any CPU
		{680B208C-1BE9-4550-B63D-F27896903B3C}.Debug|x86.ActiveCfg = Debug|Any CPU
		{680B208C-1BE9-4550-B63D-F27896903B3C}.Debug|x86.Build.0 = Debug|Any CPU
		{680B208C-1BE9-4550-B63D-F27896903B3C}.Release|Any CPU.ActiveCfg = Release|Any CPU
		{680B208C-1BE9-4550-B63D-F27896903B3C}.Release|Any CPU.Build.0 = Release|Any CPU
		{680B208C-1BE9-4550-B63D-F27896903B3C}.Release|x64.ActiveCfg = Release|x64
		{680B208C-1BE9-4550-B63D-F27896903B3C}.Release|x64.Build.0 = Release|x64
		{680B208C-1BE9-4550-B63D-F27896903B3C}.Release|x86.ActiveCfg = Release|Any CPU
		{680B208C-1BE9-4550-B63D-F27896903B3C}.Release|x86.Build.0 = Release|Any CPU
	EndGlobalSection
	GlobalSection(SolutionProperties) = preSolution
		HideSolutionNode = FALSE
	EndGlobalSection
	GlobalSection(ExtensibilityGlobals) = postSolution
		SolutionGuid = {2E55FAEB-E3A9-4F46-9A06-DDCBD4C72442}
	EndGlobalSection
EndGlobal
